{
  "name": "rece-ui",
  "version": "0.3.0",
  "lockfileVersion": 1,
  "requires": true,
  "dependencies": {
    "@babel/runtime": {
      "version": "7.10.5",
      "resolved": "http://artifactory.app.diplomatie.gouv.fr/artifactory-dev/api/npm/repository-npm-mae-dev/@babel/runtime/-/runtime-7.10.5.tgz",
      "integrity": "sha1-MD2L1EDs1aSR6uYRf9M2dphnTFw=",
      "dev": true,
      "requires": {
        "regenerator-runtime": "^0.13.4"
      }
    },
    "@babel/runtime-corejs3": {
      "version": "7.10.5",
      "resolved": "http://artifactory.app.diplomatie.gouv.fr/artifactory-dev/api/npm/repository-npm-mae-dev/@babel/runtime-corejs3/-/runtime-corejs3-7.10.5.tgz",
      "integrity": "sha1-pX/mwTBFyjN2iiqlJ+rXlRRv6+E=",
      "dev": true,
      "requires": {
        "core-js-pure": "^3.0.0",
        "regenerator-runtime": "^0.13.4"
      }
    },
    "@jest/types": {
      "version": "25.5.0",
      "resolved": "http://artifactory.app.diplomatie.gouv.fr/artifactory-dev/api/npm/repository-npm-mae-dev/@jest/types/-/types-25.5.0.tgz",
      "integrity": "sha1-TWpHk/e5WZ/DaAh3uFapfbzPKp0=",
      "dev": true,
      "requires": {
        "@types/istanbul-lib-coverage": "^2.0.0",
        "@types/istanbul-reports": "^1.1.1",
        "@types/yargs": "^15.0.0",
        "chalk": "^3.0.0"
      },
      "dependencies": {
        "ansi-styles": {
          "version": "4.2.1",
          "resolved": "http://artifactory.app.diplomatie.gouv.fr/artifactory-dev/api/npm/repository-npm-mae-dev/ansi-styles/-/ansi-styles-4.2.1.tgz",
          "integrity": "sha1-kK51xCTQCNJiTFvynq0xd+v881k=",
          "dev": true,
          "requires": {
            "@types/color-name": "^1.1.1",
            "color-convert": "^2.0.1"
          }
        },
        "chalk": {
          "version": "3.0.0",
          "resolved": "http://artifactory.app.diplomatie.gouv.fr/artifactory-dev/api/npm/repository-npm-mae-dev/chalk/-/chalk-3.0.0.tgz",
          "integrity": "sha1-P3PCv1JlkfV0zEksUeJFY0n4ROQ=",
          "dev": true,
          "requires": {
            "ansi-styles": "^4.1.0",
            "supports-color": "^7.1.0"
          }
        },
        "color-convert": {
          "version": "2.0.1",
          "resolved": "http://artifactory.app.diplomatie.gouv.fr/artifactory-dev/api/npm/repository-npm-mae-dev/color-convert/-/color-convert-2.0.1.tgz",
          "integrity": "sha1-ctOmjVmMm9s68q0ehPIdiWq9TeM=",
          "dev": true,
          "requires": {
            "color-name": "~1.1.4"
          }
        },
        "color-name": {
          "version": "1.1.4",
          "resolved": "http://artifactory.app.diplomatie.gouv.fr/artifactory-dev/api/npm/repository-npm-mae-dev/color-name/-/color-name-1.1.4.tgz",
          "integrity": "sha1-wqCah6y95pVD3m9j+jmVyCbFNqI=",
          "dev": true
        },
        "has-flag": {
          "version": "4.0.0",
          "resolved": "http://artifactory.app.diplomatie.gouv.fr/artifactory-dev/api/npm/repository-npm-mae-dev/has-flag/-/has-flag-4.0.0.tgz",
          "integrity": "sha1-lEdx/ZyByBJlxNaUGGDaBrtZR5s=",
          "dev": true
        },
        "supports-color": {
          "version": "7.1.0",
          "resolved": "http://artifactory.app.diplomatie.gouv.fr/artifactory-dev/api/npm/repository-npm-mae-dev/supports-color/-/supports-color-7.1.0.tgz",
          "integrity": "sha1-aOMlkd9z4lrRxLSRCKLsUHliv9E=",
          "dev": true,
          "requires": {
            "has-flag": "^4.0.0"
          }
        }
      }
    },
    "@testing-library/dom": {
      "version": "7.21.4",
      "resolved": "http://artifactory.app.diplomatie.gouv.fr/artifactory-dev/api/npm/repository-npm-mae-dev/@testing-library/dom/-/dom-7.21.4.tgz",
      "integrity": "sha1-JLBF8xYbfJH9s12nwAGQjNyZtVs=",
      "dev": true,
      "requires": {
        "@babel/runtime": "^7.10.3",
        "@types/aria-query": "^4.2.0",
        "aria-query": "^4.2.2",
        "dom-accessibility-api": "^0.4.6",
        "pretty-format": "^25.5.0"
      }
    },
    "@types/aria-query": {
      "version": "4.2.0",
      "resolved": "http://artifactory.app.diplomatie.gouv.fr/artifactory-dev/api/npm/repository-npm-mae-dev/@types/aria-query/-/aria-query-4.2.0.tgz",
      "integrity": "sha1-FCZGkqnW4vpNs99eVulLXiVkesA=",
      "dev": true
    },
    "@types/color-name": {
      "version": "1.1.1",
      "resolved": "http://artifactory.app.diplomatie.gouv.fr/artifactory-dev/api/npm/repository-npm-mae-dev/@types/color-name/-/color-name-1.1.1.tgz",
      "integrity": "sha1-HBJhu+qhCoBVu8XYq4S3sq/IRqA=",
      "dev": true
    },
    "@types/istanbul-lib-coverage": {
      "version": "2.0.3",
      "resolved": "http://artifactory.app.diplomatie.gouv.fr/artifactory-dev/api/npm/repository-npm-mae-dev/@types/istanbul-lib-coverage/-/istanbul-lib-coverage-2.0.3.tgz",
      "integrity": "sha1-S6jdtyAiH0MuRDvV+RF/0iz9R2I=",
      "dev": true
    },
    "@types/istanbul-lib-report": {
      "version": "3.0.0",
      "resolved": "http://artifactory.app.diplomatie.gouv.fr/artifactory-dev/api/npm/repository-npm-mae-dev/@types/istanbul-lib-report/-/istanbul-lib-report-3.0.0.tgz",
      "integrity": "sha1-wUwk8Y6oGQwRjudWK3/5mjZVJoY=",
      "dev": true,
      "requires": {
        "@types/istanbul-lib-coverage": "*"
      }
    },
    "@types/istanbul-reports": {
      "version": "1.1.2",
      "resolved": "http://artifactory.app.diplomatie.gouv.fr/artifactory-dev/api/npm/repository-npm-mae-dev/@types/istanbul-reports/-/istanbul-reports-1.1.2.tgz",
      "integrity": "sha1-6HXMaJ5HvOVJ7IHz315vbxHPrrI=",
      "dev": true,
      "requires": {
        "@types/istanbul-lib-coverage": "*",
        "@types/istanbul-lib-report": "*"
      }
    },
    "@types/testing-library__dom": {
      "version": "7.5.0",
      "resolved": "http://artifactory.app.diplomatie.gouv.fr/artifactory-dev/api/npm/repository-npm-mae-dev/@types/testing-library__dom/-/testing-library__dom-7.5.0.tgz",
      "integrity": "sha1-4KAN12aYOx1unRDTPnCABc5q0T4=",
      "dev": true,
      "requires": {
        "@testing-library/dom": "*"
      }
    },
    "@types/testing-library__react": {
      "version": "10.0.1",
      "resolved": "http://artifactory.app.diplomatie.gouv.fr/artifactory-dev/api/npm/repository-npm-mae-dev/@types/testing-library__react/-/testing-library__react-10.0.1.tgz",
      "integrity": "sha1-krtKAjlL9EQo418dopcO13+ANZM=",
      "dev": true,
      "requires": {
        "@types/testing-library__dom": "*",
        "pretty-format": "^25.1.0"
      }
    },
    "@types/yargs": {
      "version": "15.0.5",
      "resolved": "http://artifactory.app.diplomatie.gouv.fr/artifactory-dev/api/npm/repository-npm-mae-dev/@types/yargs/-/yargs-15.0.5.tgz",
      "integrity": "sha1-lH6aZWFIO97prf/Jg+kaaQKvi3k=",
      "dev": true,
      "requires": {
        "@types/yargs-parser": "*"
      }
    },
    "@types/yargs-parser": {
      "version": "15.0.0",
      "resolved": "http://artifactory.app.diplomatie.gouv.fr/artifactory-dev/api/npm/repository-npm-mae-dev/@types/yargs-parser/-/yargs-parser-15.0.0.tgz",
      "integrity": "sha1-yz+fdBhp4gzOMw/765JxWQSDiC0=",
      "dev": true
    },
    "aria-query": {
      "version": "4.2.2",
      "resolved": "http://artifactory.app.diplomatie.gouv.fr/artifactory-dev/api/npm/repository-npm-mae-dev/aria-query/-/aria-query-4.2.2.tgz",
      "integrity": "sha1-DSymyazrVriXfp/tau1+FbvS+Ds=",
      "dev": true,
      "requires": {
        "@babel/runtime": "^7.10.2",
        "@babel/runtime-corejs3": "^7.10.2"
      }
    },
    "core-js-pure": {
      "version": "3.6.5",
      "resolved": "http://artifactory.app.diplomatie.gouv.fr/artifactory-dev/api/npm/repository-npm-mae-dev/core-js-pure/-/core-js-pure-3.6.5.tgz",
      "integrity": "sha1-x5519eONvIWmYtke6lK4JW1TuBM=",
      "dev": true
    },
    "dom-accessibility-api": {
      "version": "0.4.6",
      "resolved": "http://artifactory.app.diplomatie.gouv.fr/artifactory-dev/api/npm/repository-npm-mae-dev/dom-accessibility-api/-/dom-accessibility-api-0.4.6.tgz",
      "integrity": "sha1-8/KvaK7gGxyGLzeRjUGEG7Gq+So=",
      "dev": true
    },
    "js-tokens": {
      "version": "4.0.0",
      "resolved": "http://artifactory.app.diplomatie.gouv.fr/artifactory-dev/api/npm/repository-npm-mae-dev/js-tokens/-/js-tokens-4.0.0.tgz",
      "integrity": "sha1-GSA/tZmR35jjoocFDUZHzerzJJk=",
      "dev": true
    },
    "loose-envify": {
      "version": "1.4.0",
      "resolved": "http://artifactory.app.diplomatie.gouv.fr/artifactory-dev/api/npm/repository-npm-mae-dev/loose-envify/-/loose-envify-1.4.0.tgz",
      "integrity": "sha1-ce5R+nvkyuwaY4OffmgtgTLTDK8=",
      "dev": true,
      "requires": {
        "js-tokens": "^3.0.0 || ^4.0.0"
      }
    },
    "object-assign": {
      "version": "4.1.1",
      "resolved": "http://artifactory.app.diplomatie.gouv.fr/artifactory-dev/api/npm/repository-npm-mae-dev/object-assign/-/object-assign-4.1.1.tgz",
      "integrity": "sha1-IQmtx5ZYh8/AXLvUQsrIv7s2CGM=",
      "dev": true
    },
    "pretty-format": {
      "version": "25.5.0",
      "resolved": "http://artifactory.app.diplomatie.gouv.fr/artifactory-dev/api/npm/repository-npm-mae-dev/pretty-format/-/pretty-format-25.5.0.tgz",
      "integrity": "sha1-eHPB13T2gsNLjUi2dDor8qxVeRo=",
      "dev": true,
      "requires": {
        "@jest/types": "^25.5.0",
        "ansi-regex": "^5.0.0",
        "ansi-styles": "^4.0.0",
        "react-is": "^16.12.0"
      },
      "dependencies": {
        "ansi-regex": {
          "version": "5.0.0",
          "resolved": "http://artifactory.app.diplomatie.gouv.fr/artifactory-dev/api/npm/repository-npm-mae-dev/ansi-regex/-/ansi-regex-5.0.0.tgz",
          "integrity": "sha1-OIU59VF5vzkznIGvMKZU1p+Hy3U=",
          "dev": true
        },
        "ansi-styles": {
          "version": "4.2.1",
          "resolved": "http://artifactory.app.diplomatie.gouv.fr/artifactory-dev/api/npm/repository-npm-mae-dev/ansi-styles/-/ansi-styles-4.2.1.tgz",
          "integrity": "sha1-kK51xCTQCNJiTFvynq0xd+v881k=",
          "dev": true,
          "requires": {
            "@types/color-name": "^1.1.1",
            "color-convert": "^2.0.1"
          }
        },
        "color-convert": {
          "version": "2.0.1",
          "resolved": "http://artifactory.app.diplomatie.gouv.fr/artifactory-dev/api/npm/repository-npm-mae-dev/color-convert/-/color-convert-2.0.1.tgz",
          "integrity": "sha1-ctOmjVmMm9s68q0ehPIdiWq9TeM=",
          "dev": true,
          "requires": {
            "color-name": "~1.1.4"
          }
        },
        "color-name": {
          "version": "1.1.4",
          "resolved": "http://artifactory.app.diplomatie.gouv.fr/artifactory-dev/api/npm/repository-npm-mae-dev/color-name/-/color-name-1.1.4.tgz",
          "integrity": "sha1-wqCah6y95pVD3m9j+jmVyCbFNqI=",
          "dev": true
        }
      }
    },
    "prop-types": {
      "version": "15.7.2",
      "resolved": "http://artifactory.app.diplomatie.gouv.fr/artifactory-dev/api/npm/repository-npm-mae-dev/prop-types/-/prop-types-15.7.2.tgz",
      "integrity": "sha1-UsQedbjIfnK52TYOAga5ncv/psU=",
      "dev": true,
      "requires": {
        "loose-envify": "^1.4.0",
        "object-assign": "^4.1.1",
        "react-is": "^16.8.1"
      }
    },
    "react-is": {
      "version": "16.13.1",
      "resolved": "http://artifactory.app.diplomatie.gouv.fr/artifactory-dev/api/npm/repository-npm-mae-dev/react-is/-/react-is-16.13.1.tgz",
      "integrity": "sha1-eJcppNw23imZ3BVt1sHZwYzqVqQ=",
      "dev": true
    },
    "react-test-renderer": {
      "version": "16.13.1",
      "resolved": "http://artifactory.app.diplomatie.gouv.fr/artifactory-dev/api/npm/repository-npm-mae-dev/react-test-renderer/-/react-test-renderer-16.13.1.tgz",
      "integrity": "sha1-3iXqNY2QEmBt5R4BLZdC5/Deq8E=",
      "dev": true,
      "requires": {
        "object-assign": "^4.1.1",
        "prop-types": "^15.6.2",
        "react-is": "^16.8.6",
        "scheduler": "^0.19.1"
      },
      "dependencies": {
        "scheduler": {
          "version": "0.19.1",
          "resolved": "http://artifactory.app.diplomatie.gouv.fr/artifactory-dev/api/npm/repository-npm-mae-dev/scheduler/-/scheduler-0.19.1.tgz",
          "integrity": "sha1-Tz4u0sGn1laB9MhU+oxaHMtA8ZY=",
          "dev": true,
          "requires": {
            "loose-envify": "^1.1.0",
            "object-assign": "^4.1.1"
          }
        }
      }
    },
    "regenerator-runtime": {
      "version": "0.13.6",
      "resolved": "http://artifactory.app.diplomatie.gouv.fr/artifactory-dev/api/npm/repository-npm-mae-dev/regenerator-runtime/-/regenerator-runtime-0.13.6.tgz",
      "integrity": "sha1-0jYEPEb/qylowe9lGAPYrN6o7WU=",
      "dev": true
    }
  }
}
